
Microsoft Visual Studio Solution File, Format Version 12.00
# Visual Studio Version 16
VisualStudioVersion = 16.0.29201.188
MinimumVisualStudioVersion = 10.0.40219.1
Project("{F184B08F-C81C-45F6-A57F-5ABD9991F28F}") = "UsingArrays", "UsingArrays.vbproj", "{177A3D67-A2AC-431A-B546-B4FCFA4569CB}"
EndProject
Global
	GlobalSection(SolutionConfigurationPlatforms) = preSolution
		Debug|Any CPU = Debug|Any CPU
		Release|Any CPU = Release|Any CPU
	EndGlobalSection
	GlobalSection(ProjectConfigurationPlatforms) = postSolution
		{177A3D67-A2AC-431A-B546-B4FCFA4569CB}.Debug|Any CPU.ActiveCfg = Debug|Any CPU
		{177A3D67-A2AC-431A-B546-B4FCFA4569CB}.Debug|Any CPU.Build.0 = Debug|Any CPU
		{177A3D67-A2AC-431A-B546-B4FCFA4569CB}.Release|Any CPU.ActiveCfg = Release|Any CPU
		{177A3D67-A2AC-431A-B546-B4FCFA4569CB}.Release|Any CPU.Build.0 = Release|Any CPU
	EndGlobalSection
	GlobalSection(SolutionProperties) = preSolution
		HideSolutionNode = FALSE
	EndGlobalSection
	GlobalSection(ExtensibilityGlobals) = postSolution
		SolutionGuid = {D73CC3FC-592E-4B55-B347-2A4AF088203E}
	EndGlobalSection
EndGlobal
